
Microsoft Visual Studio Solution File, Format Version 12.00
# Visual Studio Version 17
VisualStudioVersion = 17.4.33110.190
MinimumVisualStudioVersion = 10.0.40219.1
Project("{8BC9CEB8-8B4A-11D0-8D11-00A0C91BC942}") = "CrandingServer", "CrandingServer.vcxproj", "{174A38F0-3636-47B7-9D8A-3DCE897E5858}"
EndProject
Global
	GlobalSection(SolutionConfigurationPlatforms) = preSolution
		Debug|x64 = Debug|x64
		Debug|x86 = Debug|x86
		Release|x64 = Release|x64
		Release|x86 = Release|x86
	EndGlobalSection
	GlobalSection(ProjectConfigurationPlatforms) = postSolution
		{174A38F0-3636-47B7-9D8A-3DCE897E5858}.Debug|x64.ActiveCfg = Debug|x64
		{174A38F0-3636-47B7-9D8A-3DCE897E5858}.Debug|x64.Build.0 = Debug|x64
		{174A38F0-3636-47B7-9D8A-3DCE897E5858}.Debug|x86.ActiveCfg = Debug|Win32
		{174A38F0-3636-47B7-9D8A-3DCE897E5858}.Debug|x86.Build.0 = Debug|Win32
		{174A38F0-3636-47B7-9D8A-3DCE897E5858}.Release|x64.ActiveCfg = Release|x64
		{174A38F0-3636-47B7-9D8A-3DCE897E5858}.Release|x64.Build.0 = Release|x64
		{174A38F0-3636-47B7-9D8A-3DCE897E5858}.Release|x86.ActiveCfg = Release|Win32
		{174A38F0-3636-47B7-9D8A-3DCE897E5858}.Release|x86.Build.0 = Release|Win32
	EndGlobalSection
	GlobalSection(SolutionProperties) = preSolution
		HideSolutionNode = FALSE
	EndGlobalSection
	GlobalSection(ExtensibilityGlobals) = postSolution
		SolutionGuid = {BC49EE57-04AF-4C64-B538-15E7FA39572A}
	EndGlobalSection
EndGlobal
