<?xml version="1.0" encoding="utf-8"?>
<Project ToolsVersion="4.0" xmlns="http://schemas.microsoft.com/developer/msbuild/2003">
  <ItemGroup>
    <Filter Include="main">
      <UniqueIdentifier>{0d01ed1b-f3a0-4e98-b59b-f695360a1ca4}</UniqueIdentifier>
    </Filter>
    <Filter Include="Room">
      <UniqueIdentifier>{b1cb9e86-7130-40d9-9d16-c4ac4914ce73}</UniqueIdentifier>
    </Filter>
    <Filter Include="Server">
      <UniqueIdentifier>{71b6039d-aac2-485d-87a0-de606b591750}</UniqueIdentifier>
    </Filter>
    <Filter Include="Object">
      <UniqueIdentifier>{9d818c17-c0a0-4b67-bc7e-6540bc9373bd}</UniqueIdentifier>
    </Filter>
    <Filter Include="Timer">
      <UniqueIdentifier>{7f5a5fe5-c5c6-4ba7-b6a8-38598ceabb6b}</UniqueIdentifier>
    </Filter>
    <Filter Include="pch">
      <UniqueIdentifier>{c11c271d-5d62-4a04-ba94-d7622d281211}</UniqueIdentifier>
    </Filter>
  </ItemGroup>
  <ItemGroup>
    <ClCompile Include="main.cpp">
      <Filter>main</Filter>
    </ClCompile>
    <ClCompile Include="Room.cpp">
      <Filter>Room</Filter>
    </ClCompile>
    <ClCompile Include="Roommanger.cpp">
      <Filter>Room</Filter>
    </ClCompile>
    <ClCompile Include="Server.cpp">
      <Filter>Server</Filter>
    </ClCompile>
    <ClCompile Include="Over_Exp.cpp">
      <Filter>Server</Filter>
    </ClCompile>
    <ClCompile Include="Session.cpp">
      <Filter>Object</Filter>
    </ClCompile>
    <ClCompile Include="Timer.cpp">
      <Filter>Timer</Filter>
    </ClCompile>
    <ClCompile Include="pch.cpp">
      <Filter>pch</Filter>
    </ClCompile>
  </ItemGroup>
  <ItemGroup>
    <ClInclude Include="Room.h">
      <Filter>Room</Filter>
    </ClInclude>
    <ClInclude Include="Roommanger.h">
      <Filter>Room</Filter>
    </ClInclude>
    <ClInclude Include="Over_Exp.h">
      <Filter>Server</Filter>
    </ClInclude>
    <ClInclude Include="Server.h">
      <Filter>Server</Filter>
    </ClInclude>
    <ClInclude Include="Session.h">
      <Filter>Object</Filter>
    </ClInclude>
    <ClInclude Include="Timer.h">
      <Filter>Timer</Filter>
    </ClInclude>
    <ClInclude Include="pch.h">
      <Filter>pch</Filter>
    </ClInclude>
    <ClInclude Include="protocol.h">
      <Filter>pch</Filter>
    </ClInclude>
  </ItemGroup>
</Project>